# THIS IS AN AUTOGENERATED FILE. DO NOT EDIT THIS FILE DIRECTLY.
# yarn lockfile v1


foundation-sites@~6.5.0-rc.2:
  version "6.5.3"
  resolved "https://registry.yarnpkg.com/foundation-sites/-/foundation-sites-6.5.3.tgz#85373aaed72233ca0d16fdfcb034e976cc6943c9"
  integrity sha512-ZwI0idjHHjezh6jRjpPxkczvmtUuJ1uGatZHpyloX0MvsFHfM0BFoxrqdXryXugGPdmb+yJi3JYMnz6+5t3K1A==

jquery@^3.4.1:
  version "3.4.1"
  resolved "https://registry.yarnpkg.com/jquery/-/jquery-3.4.1.tgz#714f1f8d9dde4bdfa55764ba37ef214630d80ef2"
  integrity sha512-36+AdBzCL+y6qjw5Tx7HgzeGCzC81MDDgaUP8ld2zhx58HdqXGoBd+tHdrBMiyjGQs0Hxs/MLZTu/eHNJJuWPw==
